// !$*UTF8*$!
{
	archiveVersion = 1;
	classes = {
	};
	objectVersion = 56;
	objects = {

/* Begin PBXBuildFile section */
		0120E3CF2A704197007E83E5 /* DocumentHandler.swift in Sources */ = {isa = PBXBuildFile; fileRef = 0120E3CE2A704197007E83E5 /* DocumentHandler.swift */; };
		0120E3D62A70AAD3007E83E5 /* Labels.swift in Sources */ = {isa = PBXBuildFile; fileRef = 0120E3D52A70AAD3007E83E5 /* Labels.swift */; };
		019DAD2D2A61E41700118D44 /* RADcApp.swift in Sources */ = {isa = PBXBuildFile; fileRef = 019DAD2C2A61E41700118D44 /* RADcApp.swift */; };
		019DAD312A61E41800118D44 /* Assets.xcassets in Resources */ = {isa = PBXBuildFile; fileRef = 019DAD302A61E41800118D44 /* Assets.xcassets */; };
		019DAD342A61E41800118D44 /* Preview Assets.xcassets in Resources */ = {isa = PBXBuildFile; fileRef = 019DAD332A61E41800118D44 /* Preview Assets.xcassets */; };
		019DAD3F2A6314E400118D44 /* AnthroForm.swift in Sources */ = {isa = PBXBuildFile; fileRef = 019DAD3E2A6314E400118D44 /* AnthroForm.swift */; };
		019DAD412A6315B000118D44 /* CSVManager.swift in Sources */ = {isa = PBXBuildFile; fileRef = 019DAD402A6315B000118D44 /* CSVManager.swift */; };
		019DAD432A63780600118D44 /* Form.swift in Sources */ = {isa = PBXBuildFile; fileRef = 019DAD422A63780600118D44 /* Form.swift */; };
		019DAD472A64A4A700118D44 /* FormConfig.swift in Sources */ = {isa = PBXBuildFile; fileRef = 019DAD462A64A4A700118D44 /* FormConfig.swift */; };
		019DAD492A64AAC900118D44 /* Participant.swift in Sources */ = {isa = PBXBuildFile; fileRef = 019DAD482A64AAC900118D44 /* Participant.swift */; };
		019DAD4D2A65B9FC00118D44 /* DataEntryField.swift in Sources */ = {isa = PBXBuildFile; fileRef = 019DAD4C2A65B9FC00118D44 /* DataEntryField.swift */; };
		01B4A2602A6B07480063FA27 /* SaveFile.swift in Sources */ = {isa = PBXBuildFile; fileRef = 01B4A25F2A6B07480063FA27 /* SaveFile.swift */; };
		01B4A2622A6B095B0063FA27 /* UnitsSelector.swift in Sources */ = {isa = PBXBuildFile; fileRef = 01B4A2612A6B095B0063FA27 /* UnitsSelector.swift */; };
		01B4A2642A6B0A5F0063FA27 /* FontSizeSlider.swift in Sources */ = {isa = PBXBuildFile; fileRef = 01B4A2632A6B0A5F0063FA27 /* FontSizeSlider.swift */; };
		01B4A2662A6B0B2D0063FA27 /* FormReset.swift in Sources */ = {isa = PBXBuildFile; fileRef = 01B4A2652A6B0B2D0063FA27 /* FormReset.swift */; };
/* End PBXBuildFile section */

/* Begin PBXFileReference section */
		0120E3CE2A704197007E83E5 /* DocumentHandler.swift */ = {isa = PBXFileReference; lastKnownFileType = sourcecode.swift; path = DocumentHandler.swift; sourceTree = "<group>"; };
		0120E3D22A704B0C007E83E5 /* Info.plist */ = {isa = PBXFileReference; lastKnownFileType = text.plist.xml; path = Info.plist; sourceTree = "<group>"; };
		0120E3D52A70AAD3007E83E5 /* Labels.swift */ = {isa = PBXFileReference; lastKnownFileType = sourcecode.swift; path = Labels.swift; sourceTree = "<group>"; };
		019DAD292A61E41700118D44 /* RADc.app */ = {isa = PBXFileReference; explicitFileType = wrapper.application; includeInIndex = 0; path = RADc.app; sourceTree = BUILT_PRODUCTS_DIR; };
		019DAD2C2A61E41700118D44 /* RADcApp.swift */ = {isa = PBXFileReference; lastKnownFileType = sourcecode.swift; path = RADcApp.swift; sourceTree = "<group>"; };
		019DAD302A61E41800118D44 /* Assets.xcassets */ = {isa = PBXFileReference; lastKnownFileType = folder.assetcatalog; path = Assets.xcassets; sourceTree = "<group>"; };
		019DAD332A61E41800118D44 /* Preview Assets.xcassets */ = {isa = PBXFileReference; lastKnownFileType = folder.assetcatalog; path = "Preview Assets.xcassets"; sourceTree = "<group>"; };
		019DAD3E2A6314E400118D44 /* AnthroForm.swift */ = {isa = PBXFileReference; lastKnownFileType = sourcecode.swift; path = AnthroForm.swift; sourceTree = "<group>"; };
		019DAD402A6315B000118D44 /* CSVManager.swift */ = {isa = PBXFileReference; lastKnownFileType = sourcecode.swift; path = CSVManager.swift; sourceTree = "<group>"; };
		019DAD422A63780600118D44 /* Form.swift */ = {isa = PBXFileReference; lastKnownFileType = sourcecode.swift; path = Form.swift; sourceTree = "<group>"; };
		019DAD462A64A4A700118D44 /* FormConfig.swift */ = {isa = PBXFileReference; lastKnownFileType = sourcecode.swift; path = FormConfig.swift; sourceTree = "<group>"; };
		019DAD482A64AAC900118D44 /* Participant.swift */ = {isa = PBXFileReference; lastKnownFileType = sourcecode.swift; path = Participant.swift; sourceTree = "<group>"; };
		019DAD4C2A65B9FC00118D44 /* DataEntryField.swift */ = {isa = PBXFileReference; lastKnownFileType = sourcecode.swift; path = DataEntryField.swift; sourceTree = "<group>"; };
		01B4A25F2A6B07480063FA27 /* SaveFile.swift */ = {isa = PBXFileReference; lastKnownFileType = sourcecode.swift; path = SaveFile.swift; sourceTree = "<group>"; };
		01B4A2612A6B095B0063FA27 /* UnitsSelector.swift */ = {isa = PBXFileReference; lastKnownFileType = sourcecode.swift; path = UnitsSelector.swift; sourceTree = "<group>"; };
		01B4A2632A6B0A5F0063FA27 /* FontSizeSlider.swift */ = {isa = PBXFileReference; lastKnownFileType = sourcecode.swift; path = FontSizeSlider.swift; sourceTree = "<group>"; };
		01B4A2652A6B0B2D0063FA27 /* FormReset.swift */ = {isa = PBXFileReference; lastKnownFileType = sourcecode.swift; path = FormReset.swift; sourceTree = "<group>"; };
/* End PBXFileReference section */

/* Begin PBXFrameworksBuildPhase section */
		019DAD262A61E41700118D44 /* Frameworks */ = {
			isa = PBXFrameworksBuildPhase;
			buildActionMask = 2147483647;
			files = (
			);
			runOnlyForDeploymentPostprocessing = 0;
		};
/* End PBXFrameworksBuildPhase section */

/* Begin PBXGroup section */
		019DAD202A61E41700118D44 = {
			isa = PBXGroup;
			children = (
				019DAD2B2A61E41700118D44 /* RADc */,
				019DAD2A2A61E41700118D44 /* Products */,
			);
			sourceTree = "<group>";
		};
		019DAD2A2A61E41700118D44 /* Products */ = {
			isa = PBXGroup;
			children = (
				019DAD292A61E41700118D44 /* RADc.app */,
			);
			name = Products;
			sourceTree = "<group>";
		};
		019DAD2B2A61E41700118D44 /* RADc */ = {
			isa = PBXGroup;
			children = (
				0120E3D22A704B0C007E83E5 /* Info.plist */,
				019DAD2C2A61E41700118D44 /* RADcApp.swift */,
				019DAD3E2A6314E400118D44 /* AnthroForm.swift */,
				019DAD422A63780600118D44 /* Form.swift */,
				019DAD462A64A4A700118D44 /* FormConfig.swift */,
				019DAD482A64AAC900118D44 /* Participant.swift */,
				01B4A25F2A6B07480063FA27 /* SaveFile.swift */,
				01B4A2612A6B095B0063FA27 /* UnitsSelector.swift */,
				01B4A2632A6B0A5F0063FA27 /* FontSizeSlider.swift */,
				01B4A2652A6B0B2D0063FA27 /* FormReset.swift */,
				019DAD4C2A65B9FC00118D44 /* DataEntryField.swift */,
				019DAD402A6315B000118D44 /* CSVManager.swift */,
				0120E3CE2A704197007E83E5 /* DocumentHandler.swift */,
				0120E3D52A70AAD3007E83E5 /* Labels.swift */,
				019DAD302A61E41800118D44 /* Assets.xcassets */,
				019DAD322A61E41800118D44 /* Preview Content */,
			);
			path = RADc;
			sourceTree = "<group>";
		};
		019DAD322A61E41800118D44 /* Preview Content */ = {
			isa = PBXGroup;
			children = (
				019DAD332A61E41800118D44 /* Preview Assets.xcassets */,
			);
			path = "Preview Content";
			sourceTree = "<group>";
		};
/* End PBXGroup section */

/* Begin PBXNativeTarget section */
		019DAD282A61E41700118D44 /* RADc */ = {
			isa = PBXNativeTarget;
			buildConfigurationList = 019DAD372A61E41800118D44 /* Build configuration list for PBXNativeTarget "RADc" */;
			buildPhases = (
				019DAD252A61E41700118D44 /* Sources */,
				019DAD262A61E41700118D44 /* Frameworks */,
				019DAD272A61E41700118D44 /* Resources */,
			);
			buildRules = (
			);
			dependencies = (
			);
			name = RADc;
			productName = RADc;
			productReference = 019DAD292A61E41700118D44 /* RADc.app */;
			productType = "com.apple.product-type.application";
		};
/* End PBXNativeTarget section */

/* Begin PBXProject section */
		019DAD212A61E41700118D44 /* Project object */ = {
			isa = PBXProject;
			attributes = {
				BuildIndependentTargetsInParallel = 1;
				LastSwiftUpdateCheck = 1430;
				LastUpgradeCheck = 1430;
				TargetAttributes = {
					019DAD282A61E41700118D44 = {
						CreatedOnToolsVersion = 14.3.1;
					};
				};
			};
			buildConfigurationList = 019DAD242A61E41700118D44 /* Build configuration list for PBXProject "RADc" */;
			compatibilityVersion = "Xcode 14.0";
			developmentRegion = en;
			hasScannedForEncodings = 0;
			knownRegions = (
				en,
				Base,
			);
			mainGroup = 019DAD202A61E41700118D44;
			productRefGroup = 019DAD2A2A61E41700118D44 /* Products */;
			projectDirPath = "";
			projectRoot = "";
			targets = (
				019DAD282A61E41700118D44 /* RADc */,
			);
		};
/* End PBXProject section */

/* Begin PBXResourcesBuildPhase section */
		019DAD272A61E41700118D44 /* Resources */ = {
			isa = PBXResourcesBuildPhase;
			buildActionMask = 2147483647;
			files = (
				019DAD342A61E41800118D44 /* Preview Assets.xcassets in Resources */,
				019DAD312A61E41800118D44 /* Assets.xcassets in Resources */,
			);
			runOnlyForDeploymentPostprocessing = 0;
		};
/* End PBXResourcesBuildPhase section */

/* Begin PBXSourcesBuildPhase section */
		019DAD252A61E41700118D44 /* Sources */ = {
			isa = PBXSourcesBuildPhase;
			buildActionMask = 2147483647;
			files = (
				01B4A2602A6B07480063FA27 /* SaveFile.swift in Sources */,
				019DAD472A64A4A700118D44 /* FormConfig.swift in Sources */,
				019DAD3F2A6314E400118D44 /* AnthroForm.swift in Sources */,
				01B4A2662A6B0B2D0063FA27 /* FormReset.swift in Sources */,
				019DAD412A6315B000118D44 /* CSVManager.swift in Sources */,
				0120E3D62A70AAD3007E83E5 /* Labels.swift in Sources */,
				0120E3CF2A704197007E83E5 /* DocumentHandler.swift in Sources */,
				019DAD492A64AAC900118D44 /* Participant.swift in Sources */,
				019DAD2D2A61E41700118D44 /* RADcApp.swift in Sources */,
				01B4A2642A6B0A5F0063FA27 /* FontSizeSlider.swift in Sources */,
				019DAD432A63780600118D44 /* Form.swift in Sources */,
				01B4A2622A6B095B0063FA27 /* UnitsSelector.swift in Sources */,
				019DAD4D2A65B9FC00118D44 /* DataEntryField.swift in Sources */,
			);
			runOnlyForDeploymentPostprocessing = 0;
		};
/* End PBXSourcesBuildPhase section */

/* Begin XCBuildConfiguration section */
		019DAD352A61E41800118D44 /* Debug */ = {
			isa = XCBuildConfiguration;
			buildSettings = {
				ALWAYS_SEARCH_USER_PATHS = NO;
				CLANG_ANALYZER_NONNULL = YES;
				CLANG_ANALYZER_NUMBER_OBJECT_CONVERSION = YES_AGGRESSIVE;
				CLANG_CXX_LANGUAGE_STANDARD = "gnu++20";
				CLANG_ENABLE_MODULES = YES;
				CLANG_ENABLE_OBJC_ARC = YES;
				CLANG_ENABLE_OBJC_WEAK = YES;
				CLANG_WARN_BLOCK_CAPTURE_AUTORELEASING = YES;
				CLANG_WARN_BOOL_CONVERSION = YES;
				CLANG_WARN_COMMA = YES;
				CLANG_WARN_CONSTANT_CONVERSION = YES;
				CLANG_WARN_DEPRECATED_OBJC_IMPLEMENTATIONS = YES;
				CLANG_WARN_DIRECT_OBJC_ISA_USAGE = YES_ERROR;
				CLANG_WARN_DOCUMENTATION_COMMENTS = YES;
				CLANG_WARN_EMPTY_BODY = YES;
				CLANG_WARN_ENUM_CONVERSION = YES;
				CLANG_WARN_INFINITE_RECURSION = YES;
				CLANG_WARN_INT_CONVERSION = YES;
				CLANG_WARN_NON_LITERAL_NULL_CONVERSION = YES;
				CLANG_WARN_OBJC_IMPLICIT_RETAIN_SELF = YES;
				CLANG_WARN_OBJC_LITERAL_CONVERSION = YES;
				CLANG_WARN_OBJC_ROOT_CLASS = YES_ERROR;
				CLANG_WARN_QUOTED_INCLUDE_IN_FRAMEWORK_HEADER = YES;
				CLANG_WARN_RANGE_LOOP_ANALYSIS = YES;
				CLANG_WARN_STRICT_PROTOTYPES = YES;
				CLANG_WARN_SUSPICIOUS_MOVE = YES;
				CLANG_WARN_UNGUARDED_AVAILABILITY = YES_AGGRESSIVE;
				CLANG_WARN_UNREACHABLE_CODE = YES;
				CLANG_WARN__DUPLICATE_METHOD_MATCH = YES;
				COPY_PHASE_STRIP = NO;
				DEBUG_INFORMATION_FORMAT = dwarf;
				ENABLE_STRICT_OBJC_MSGSEND = YES;
				ENABLE_TESTABILITY = YES;
				GCC_C_LANGUAGE_STANDARD = gnu11;
				GCC_DYNAMIC_NO_PIC = NO;
				GCC_NO_COMMON_BLOCKS = YES;
				GCC_OPTIMIZATION_LEVEL = 0;
				GCC_PREPROCESSOR_DEFINITIONS = (
					"DEBUG=1",
					"$(inherited)",
				);
				GCC_WARN_64_TO_32_BIT_CONVERSION = YES;
				GCC_WARN_ABOUT_RETURN_TYPE = YES_ERROR;
				GCC_WARN_UNDECLARED_SELECTOR = YES;
				GCC_WARN_UNINITIALIZED_AUTOS = YES_AGGRESSIVE;
				GCC_WARN_UNUSED_FUNCTION = YES;
				GCC_WARN_UNUSED_VARIABLE = YES;
				IPHONEOS_DEPLOYMENT_TARGET = 16.0;
				MTL_ENABLE_DEBUG_INFO = INCLUDE_SOURCE;
				MTL_FAST_MATH = YES;
				ONLY_ACTIVE_ARCH = YES;
				SDKROOT = iphoneos;
				SWIFT_ACTIVE_COMPILATION_CONDITIONS = DEBUG;
				SWIFT_OPTIMIZATION_LEVEL = "-Onone";
			};
			name = Debug;
		};
		019DAD362A61E41800118D44 /* Release */ = {
			isa = XCBuildConfiguration;
			buildSettings = {
				ALWAYS_SEARCH_USER_PATHS = NO;
				CLANG_ANALYZER_NONNULL = YES;
				CLANG_ANALYZER_NUMBER_OBJECT_CONVERSION = YES_AGGRESSIVE;
				CLANG_CXX_LANGUAGE_STANDARD = "gnu++20";
				CLANG_ENABLE_MODULES = YES;
				CLANG_ENABLE_OBJC_ARC = YES;
				CLANG_ENABLE_OBJC_WEAK = YES;
				CLANG_WARN_BLOCK_CAPTURE_AUTORELEASING = YES;
				CLANG_WARN_BOOL_CONVERSION = YES;
				CLANG_WARN_COMMA = YES;
				CLANG_WARN_CONSTANT_CONVERSION = YES;
				CLANG_WARN_DEPRECATED_OBJC_IMPLEMENTATIONS = YES;
				CLANG_WARN_DIRECT_OBJC_ISA_USAGE = YES_ERROR;
				CLANG_WARN_DOCUMENTATION_COMMENTS = YES;
				CLANG_WARN_EMPTY_BODY = YES;
				CLANG_WARN_ENUM_CONVERSION = YES;
				CLANG_WARN_INFINITE_RECURSION = YES;
				CLANG_WARN_INT_CONVERSION = YES;
				CLANG_WARN_NON_LITERAL_NULL_CONVERSION = YES;
				CLANG_WARN_OBJC_IMPLICIT_RETAIN_SELF = YES;
				CLANG_WARN_OBJC_LITERAL_CONVERSION = YES;
				CLANG_WARN_OBJC_ROOT_CLASS = YES_ERROR;
				CLANG_WARN_QUOTED_INCLUDE_IN_FRAMEWORK_HEADER = YES;
				CLANG_WARN_RANGE_LOOP_ANALYSIS = YES;
				CLANG_WARN_STRICT_PROTOTYPES = YES;
				CLANG_WARN_SUSPICIOUS_MOVE = YES;
				CLANG_WARN_UNGUARDED_AVAILABILITY = YES_AGGRESSIVE;
				CLANG_WARN_UNREACHABLE_CODE = YES;
				CLANG_WARN__DUPLICATE_METHOD_MATCH = YES;
				COPY_PHASE_STRIP = NO;
				DEBUG_INFORMATION_FORMAT = "dwarf-with-dsym";
				ENABLE_NS_ASSERTIONS = NO;
				ENABLE_STRICT_OBJC_MSGSEND = YES;
				GCC_C_LANGUAGE_STANDARD = gnu11;
				GCC_NO_COMMON_BLOCKS = YES;
				GCC_WARN_64_TO_32_BIT_CONVERSION = YES;
				GCC_WARN_ABOUT_RETURN_TYPE = YES_ERROR;
				GCC_WARN_UNDECLARED_SELECTOR = YES;
				GCC_WARN_UNINITIALIZED_AUTOS = YES_AGGRESSIVE;
				GCC_WARN_UNUSED_FUNCTION = YES;
				GCC_WARN_UNUSED_VARIABLE = YES;
				IPHONEOS_DEPLOYMENT_TARGET = 16.0;
				MTL_ENABLE_DEBUG_INFO = NO;
				MTL_FAST_MATH = YES;
				SDKROOT = iphoneos;
				SWIFT_COMPILATION_MODE = wholemodule;
				SWIFT_OPTIMIZATION_LEVEL = "-O";
				VALIDATE_PRODUCT = YES;
			};
			name = Release;
		};
		019DAD382A61E41800118D44 /* Debug */ = {
			isa = XCBuildConfiguration;
			buildSettings = {
				ASSETCATALOG_COMPILER_APPICON_NAME = AppIcon;
				ASSETCATALOG_COMPILER_GLOBAL_ACCENT_COLOR_NAME = AccentColor;
				CODE_SIGN_STYLE = Automatic;
				CURRENT_PROJECT_VERSION = 1;
				DEVELOPMENT_ASSET_PATHS = "\"RADc/Preview Content\"";
				DEVELOPMENT_TEAM = 882K27AHSC;
				ENABLE_PREVIEWS = YES;
				GENERATE_INFOPLIST_FILE = YES;
				INFOPLIST_FILE = RADc/Info.plist;
				INFOPLIST_KEY_LSApplicationCategoryType = "public.app-category.business";
				INFOPLIST_KEY_LSSupportsOpeningDocumentsInPlace = YES;
				INFOPLIST_KEY_UIApplicationSceneManifest_Generation = YES;
				INFOPLIST_KEY_UIApplicationSupportsIndirectInputEvents = YES;
				INFOPLIST_KEY_UILaunchScreen_Generation = YES;
				INFOPLIST_KEY_UISupportedInterfaceOrientations = "UIInterfaceOrientationLandscapeLeft UIInterfaceOrientationLandscapeRight UIInterfaceOrientationPortrait";
				INFOPLIST_KEY_UISupportedInterfaceOrientations_iPad = "UIInterfaceOrientationLandscapeLeft UIInterfaceOrientationLandscapeRight UIInterfaceOrientationPortrait UIInterfaceOrientationPortraitUpsideDown";
				INFOPLIST_KEY_UISupportsDocumentBrowser = YES;
				IPHONEOS_DEPLOYMENT_TARGET = 16.0;
				LD_RUNPATH_SEARCH_PATHS = (
					"$(inherited)",
					"@executable_path/Frameworks",
				);
				MARKETING_VERSION = 1.0.0;
				PRODUCT_BUNDLE_IDENTIFIER = "com.STI-TEC.RADc";
				PRODUCT_NAME = "$(TARGET_NAME)";
				SUPPORTED_PLATFORMS = "iphoneos iphonesimulator";
				SUPPORTS_MACCATALYST = NO;
				SUPPORTS_MAC_DESIGNED_FOR_IPHONE_IPAD = NO;
				SWIFT_EMIT_LOC_STRINGS = YES;
				SWIFT_VERSION = 5.0;
				TARGETED_DEVICE_FAMILY = 2;
			};
			name = Debug;
		};
		019DAD392A61E41800118D44 /* Release */ = {
			isa = XCBuildConfiguration;
			buildSettings = {
				ASSETCATALOG_COMPILER_APPICON_NAME = AppIcon;
				ASSETCATALOG_COMPILER_GLOBAL_ACCENT_COLOR_NAME = AccentColor;
				CODE_SIGN_STYLE = Automatic;
				CURRENT_PROJECT_VERSION = 1;
				DEVELOPMENT_ASSET_PATHS = "\"RADc/Preview Content\"";
				DEVELOPMENT_TEAM = 882K27AHSC;
				ENABLE_PREVIEWS = YES;
				GENERATE_INFOPLIST_FILE = YES;
				INFOPLIST_FILE = RADc/Info.plist;
				INFOPLIST_KEY_LSApplicationCategoryType = "public.app-category.business";
				INFOPLIST_KEY_LSSupportsOpeningDocumentsInPlace = YES;
				INFOPLIST_KEY_UIApplicationSceneManifest_Generation = YES;
				INFOPLIST_KEY_UIApplicationSupportsIndirectInputEvents = YES;
				INFOPLIST_KEY_UILaunchScreen_Generation = YES;
				INFOPLIST_KEY_UISupportedInterfaceOrientations = "UIInterfaceOrientationLandscapeLeft UIInterfaceOrientationLandscapeRight UIInterfaceOrientationPortrait";
				INFOPLIST_KEY_UISupportedInterfaceOrientations_iPad = "UIInterfaceOrientationLandscapeLeft UIInterfaceOrientationLandscapeRight UIInterfaceOrientationPortrait UIInterfaceOrientationPortraitUpsideDown";
				INFOPLIST_KEY_UISupportsDocumentBrowser = YES;
				IPHONEOS_DEPLOYMENT_TARGET = 16.0;
				LD_RUNPATH_SEARCH_PATHS = (
					"$(inherited)",
					"@executable_path/Frameworks",
				);
				MARKETING_VERSION = 1.0.0;
				PRODUCT_BUNDLE_IDENTIFIER = "com.STI-TEC.RADc";
				PRODUCT_NAME = "$(TARGET_NAME)";
				SUPPORTED_PLATFORMS = "iphoneos iphonesimulator";
				SUPPORTS_MACCATALYST = NO;
				SUPPORTS_MAC_DESIGNED_FOR_IPHONE_IPAD = NO;
				SWIFT_EMIT_LOC_STRINGS = YES;
				SWIFT_VERSION = 5.0;
				TARGETED_DEVICE_FAMILY = 2;
			};
			name = Release;
		};
/* End XCBuildConfiguration section */

/* Begin XCConfigurationList section */
		019DAD242A61E41700118D44 /* Build configuration list for PBXProject "RADc" */ = {
			isa = XCConfigurationList;
			buildConfigurations = (
				019DAD352A61E41800118D44 /* Debug */,
				019DAD362A61E41800118D44 /* Release */,
			);
			defaultConfigurationIsVisible = 0;
			defaultConfigurationName = Release;
		};
		019DAD372A61E41800118D44 /* Build configuration list for PBXNativeTarget "RADc" */ = {
			isa = XCConfigurationList;
			buildConfigurations = (
				019DAD382A61E41800118D44 /* Debug */,
				019DAD392A61E41800118D44 /* Release */,
			);
			defaultConfigurationIsVisible = 0;
			defaultConfigurationName = Release;
		};
/* End XCConfigurationList section */
	};
	rootObject = 019DAD212A61E41700118D44 /* Project object */;
}
